
Microsoft Visual Studio Solution File, Format Version 9.00
# Visual Studio 2005
# SharpDevelop 5.1
Project("{FAE04EC0-301F-11D3-BF4B-00C04F79EFBC}") = "KnightsTour", "KnightsTour.csproj", "{272A143C-2DDE-4E7D-A9EF-CE3210BBCE46}"
EndProject
Project("{FAE04EC0-301F-11D3-BF4B-00C04F79EFBC}") = "ArdeshirV.Forms", "..\ArdeshirV.Forms\ArdeshirV.Forms\ArdeshirV.Forms.csproj", "{7E830E6D-B5CC-40A3-9941-F2BEE42CD491}"
EndProject
Project("{FAE04EC0-301F-11D3-BF4B-00C04F79EFBC}") = "ArdeshirV.Tools.QrCode", "..\ArdeshirV.Forms\ArdeshirV.Tools.QrCode\ArdeshirV.Tools.QrCode.csproj", "{39A1B686-75A9-4189-A328-51C96BB4B6EB}"
EndProject
Global
	GlobalSection(SolutionConfigurationPlatforms) = preSolution
		Debug|Any CPU = Debug|Any CPU
		Release|Any CPU = Release|Any CPU
	EndGlobalSection
	GlobalSection(ProjectConfigurationPlatforms) = postSolution
		{272A143C-2DDE-4E7D-A9EF-CE3210BBCE46}.Debug|Any CPU.ActiveCfg = Debug|Any CPU
		{272A143C-2DDE-4E7D-A9EF-CE3210BBCE46}.Debug|Any CPU.Build.0 = Debug|Any CPU
		{272A143C-2DDE-4E7D-A9EF-CE3210BBCE46}.Release|Any CPU.ActiveCfg = Release|Any CPU
		{272A143C-2DDE-4E7D-A9EF-CE3210BBCE46}.Release|Any CPU.Build.0 = Release|Any CPU
		{7E830E6D-B5CC-40A3-9941-F2BEE42CD491}.Debug|Any CPU.ActiveCfg = Debug|Any CPU
		{7E830E6D-B5CC-40A3-9941-F2BEE42CD491}.Debug|Any CPU.Build.0 = Debug|Any CPU
		{7E830E6D-B5CC-40A3-9941-F2BEE42CD491}.Release|Any CPU.ActiveCfg = Release|Any CPU
		{7E830E6D-B5CC-40A3-9941-F2BEE42CD491}.Release|Any CPU.Build.0 = Release|Any CPU
		{39A1B686-75A9-4189-A328-51C96BB4B6EB}.Debug|Any CPU.ActiveCfg = Debug|Any CPU
		{39A1B686-75A9-4189-A328-51C96BB4B6EB}.Debug|Any CPU.Build.0 = Debug|Any CPU
		{39A1B686-75A9-4189-A328-51C96BB4B6EB}.Release|Any CPU.ActiveCfg = Release|Any CPU
		{39A1B686-75A9-4189-A328-51C96BB4B6EB}.Release|Any CPU.Build.0 = Release|Any CPU
	EndGlobalSection
	GlobalSection(SolutionProperties) = preSolution
		HideSolutionNode = FALSE
	EndGlobalSection
EndGlobal
